# THIS IS AN AUTOGENERATED FILE. DO NOT EDIT THIS FILE DIRECTLY.
# yarn lockfile v1


"@jridgewell/resolve-uri@^3.1.0":
  version "3.1.2"
  resolved "https://registry.yarnpkg.com/@jridgewell/resolve-uri/-/resolve-uri-3.1.2.tgz#7a0ee601f60f99a20c7c7c5ff0c80388c1189bd6"
  integrity sha512-bRISgCIjP20/tbWSPWMEi54QVPRZExkuD9lJL+UIxUKtwVJA8wW1Trb1jMs1RFXo1CBTNZ/5hpC9QvmKWdopKw==

"@jridgewell/sourcemap-codec@^1.4.14":
  version "1.4.15"
  resolved "https://registry.yarnpkg.com/@jridgewell/sourcemap-codec/-/sourcemap-codec-1.4.15.tgz#d7c6e6755c78567a951e04ab52ef0fd26de59f32"
  integrity sha512-eF2rxCRulEKXHTRiDrDy6erMYWqNw4LPdQ8UQA4huuxaQsVeRPFl2oM8oDGxMFhJUWZf9McpLtJasDDZb/Bpeg==

"@jridgewell/trace-mapping@^0.3.18":
  version "0.3.25"
  resolved "https://registry.yarnpkg.com/@jridgewell/trace-mapping/-/trace-mapping-0.3.25.tgz#15f190e98895f3fc23276ee14bc76b675c2e50f0"
  integrity sha512-vNk6aEwybGtawWmy/PzwnGDOjCkLWSD2wqvjGGAgOAwCGWySYXfYoxt00IJkTF+8Lb57DwOb3Aa0o9CApepiYQ==
  dependencies:
    "@jridgewell/resolve-uri" "^3.1.0"
    "@jridgewell/sourcemap-codec" "^1.4.14"

"@types/node@^20.11.27":
  version "20.12.7"
  resolved "https://registry.yarnpkg.com/@types/node/-/node-20.12.7.tgz#04080362fa3dd6c5822061aa3124f5c152cff384"
  integrity sha512-wq0cICSkRLVaf3UGLMGItu/PtdY7oaXaI/RVU+xliKVOtRna3PRY57ZDfztpDL0n11vfymMUnXv8QwYCO7L1wg==
  dependencies:
    undici-types "~5.26.4"

"@ulixee/awaited-dom@1.4.2":
  version "1.4.2"
  resolved "https://registry.yarnpkg.com/@ulixee/awaited-dom/-/awaited-dom-1.4.2.tgz#9630a497fa20c7e1c6b0ddee4b527be6a7da3923"
  integrity sha512-o32b+rBzB+6qPVzLK7wB0+TcPJ0BqM81zGmZ+dCCxDMGHo030ip0bW7TBf212YvCIEFDWJNIhrLTZ8SYZd1Dkw==
  dependencies:
    "@ulixee/js-path" "^2.0.0-alpha.18"

"@ulixee/commons@2.0.0-alpha.28":
  version "2.0.0-alpha.28"
  resolved "https://registry.yarnpkg.com/@ulixee/commons/-/commons-2.0.0-alpha.28.tgz#52c3401fbbb25563ccb93d1e02980de83780f44d"
  integrity sha512-/WXy+4yRr7GMCZYuYiqpiv4qEhfOrgDL8jZ85H4I+uyPIxgSTk8TWujHp5XkieE/4AbIwb8I4Q/lE+0TKKPGUQ==
  dependencies:
    "@jridgewell/trace-mapping" "^0.3.18"
    bech32 "^2.0.0"
    devtools-protocol "^0.0.1137505"
    https-proxy-agent "^5.0.0"
    semver "^7.3.7"

"@ulixee/hero-interfaces@2.0.0-alpha.28":
  version "2.0.0-alpha.28"
  resolved "https://registry.yarnpkg.com/@ulixee/hero-interfaces/-/hero-interfaces-2.0.0-alpha.28.tgz#52fda74b2ac84ab31392df6877ce95b95e901ffe"
  integrity sha512-/R59Qt7W/u7eu//CpOrmX22kJgBSJMRi5dHcAL6ms8IYTf+azttz4NfvSnv6cK6Vxe3D2KI2j+bvECfCOEysLg==
  dependencies:
    "@ulixee/awaited-dom" "1.4.2"
    "@ulixee/commons" "2.0.0-alpha.28"
    "@ulixee/js-path" "2.0.0-alpha.28"
    "@ulixee/unblocked-specification" "2.0.0-alpha.28"
    devtools-protocol "^0.0.1137505"

"@ulixee/hero-plugin-utils@2.0.0-alpha.28":
  version "2.0.0-alpha.28"
  resolved "https://registry.yarnpkg.com/@ulixee/hero-plugin-utils/-/hero-plugin-utils-2.0.0-alpha.28.tgz#5d4341c947a60c08e2a422404b3a10f10daa41e9"
  integrity sha512-EdGFcxz15CEvQRb6dtSLcQ3ytIMxVjp3TsowAepOwg2eDj8wsDqnfA5LZ2BUqB1s9epf7+qTTNulnADqh/OwMg==
  dependencies:
    "@ulixee/commons" "2.0.0-alpha.28"
    "@ulixee/hero-interfaces" "2.0.0-alpha.28"
    "@ulixee/unblocked-specification" "2.0.0-alpha.28"

"@ulixee/hero@^2.0.0-alpha.28":
  version "2.0.0-alpha.28"
  resolved "https://registry.yarnpkg.com/@ulixee/hero/-/hero-2.0.0-alpha.28.tgz#0d3e0708f42d5997f1c6341ff980e78a2b58055f"
  integrity sha512-5ITUaJrA4h/qdiNuDsNO0nkilCiAr85JY4PnBp7kwtkjY9bBptFO1+mTjafyOyUhoxDrEJGEjebeS9zZtYc2rA==
  dependencies:
    "@ulixee/awaited-dom" "1.4.2"
    "@ulixee/commons" "2.0.0-alpha.28"
    "@ulixee/hero-interfaces" "2.0.0-alpha.28"
    "@ulixee/hero-plugin-utils" "2.0.0-alpha.28"
    "@ulixee/js-path" "2.0.0-alpha.28"
    "@ulixee/net" "2.0.0-alpha.28"
    "@ulixee/unblocked-specification" "2.0.0-alpha.28"
    linkedom "^0.14.11"

"@ulixee/js-path@2.0.0-alpha.28", "@ulixee/js-path@^2.0.0-alpha.18":
  version "2.0.0-alpha.28"
  resolved "https://registry.yarnpkg.com/@ulixee/js-path/-/js-path-2.0.0-alpha.28.tgz#6051bf2bc702352019859a0d9b61c7513f1b3740"
  integrity sha512-wn05oPwSq3g4+pjmP1EKAf5BgzZswnYEkjm5SB7pfLgASgHiYfkKTTjhCz1PUs+JN+KVW1RmvQCjetPXD9EW7A==

"@ulixee/net@2.0.0-alpha.28":
  version "2.0.0-alpha.28"
  resolved "https://registry.yarnpkg.com/@ulixee/net/-/net-2.0.0-alpha.28.tgz#67764ed8c18ed47e7ef7035b8ee8b5563d655de4"
  integrity sha512-BsEaZPv9mGbS7jrq+LjUuRBt0qVRg5OVidlHRTKgKKU22vY2AOsIRw/HYm+ZXUV8qj3cKGTiqjhLT246VUxLCQ==
  dependencies:
    "@ulixee/commons" "2.0.0-alpha.28"
    ws "^7.5.9"

"@ulixee/unblocked-specification@2.0.0-alpha.28":
  version "2.0.0-alpha.28"
  resolved "https://registry.yarnpkg.com/@ulixee/unblocked-specification/-/unblocked-specification-2.0.0-alpha.28.tgz#41344696d3732e0062cccbfcd5dc16b62fad28fe"
  integrity sha512-5BFYwyT6GBiy8yVw/piFNSACgv2FBJvJzDTVnSCnW9PSKTjIu6H7w7T/0uhCGVsW8hS91v+SjMLlaEv0c1GKqg==
  dependencies:
    "@ulixee/js-path" "2.0.0-alpha.28"
    devtools-protocol "^0.0.1137505"

agent-base@6:
  version "6.0.2"
  resolved "https://registry.yarnpkg.com/agent-base/-/agent-base-6.0.2.tgz#49fff58577cfee3f37176feab4c22e00f86d7f77"
  integrity sha512-RZNwNclF7+MS/8bDg70amg32dyeZGZxiDuQmZxKLAlQjr3jGyLx+4Kkk58UO7D2QdgFIQCovuSuZESne6RG6XQ==
  dependencies:
    debug "4"

bech32@^2.0.0:
  version "2.0.0"
  resolved "https://registry.yarnpkg.com/bech32/-/bech32-2.0.0.tgz#078d3686535075c8c79709f054b1b226a133b355"
  integrity sha512-LcknSilhIGatDAsY1ak2I8VtGaHNhgMSYVxFrGLXv+xLHytaKZKcaUJJUE7qmBr7h33o5YQwP55pMI0xmkpJwg==

boolbase@^1.0.0:
  version "1.0.0"
  resolved "https://registry.yarnpkg.com/boolbase/-/boolbase-1.0.0.tgz#68dff5fbe60c51eb37725ea9e3ed310dcc1e776e"
  integrity sha512-JZOSA7Mo9sNGB8+UjSgzdLtokWAky1zbztM3WRLCbZ70/3cTANmQmOdR7y2g+J0e2WXywy1yS468tY+IruqEww==

css-select@^5.1.0:
  version "5.1.0"
  resolved "https://registry.yarnpkg.com/css-select/-/css-select-5.1.0.tgz#b8ebd6554c3637ccc76688804ad3f6a6fdaea8a6"
  integrity sha512-nwoRF1rvRRnnCqqY7updORDsuqKzqYJ28+oSMaJMMgOauh3fvwHqMS7EZpIPqK8GL+g9mKxF1vP/ZjSeNjEVHg==
  dependencies:
    boolbase "^1.0.0"
    css-what "^6.1.0"
    domhandler "^5.0.2"
    domutils "^3.0.1"
    nth-check "^2.0.1"

css-what@^6.1.0:
  version "6.1.0"
  resolved "https://registry.yarnpkg.com/css-what/-/css-what-6.1.0.tgz#fb5effcf76f1ddea2c81bdfaa4de44e79bac70f4"
  integrity sha512-HTUrgRJ7r4dsZKU6GjmpfRK1O76h97Z8MfS1G0FozR+oF2kG6Vfe8JE6zwrkbxigziPHinCJ+gCPjA9EaBDtRw==

cssom@^0.5.0:
  version "0.5.0"
  resolved "https://registry.yarnpkg.com/cssom/-/cssom-0.5.0.tgz#d254fa92cd8b6fbd83811b9fbaed34663cc17c36"
  integrity sha512-iKuQcq+NdHqlAcwUY0o/HL69XQrUaQdMjmStJ8JFmUaiiQErlhrmuigkg/CU4E2J0IyUKUrMAgl36TvN67MqTw==

debug@4:
  version "4.3.4"
  resolved "https://registry.yarnpkg.com/debug/-/debug-4.3.4.tgz#1319f6579357f2338d3337d2cdd4914bb5dcc865"
  integrity sha512-PRWFHuSU3eDtQJPvnNY7Jcket1j0t5OuOsFzPPzsekD52Zl8qUfFIPEiswXqIvHWGVHOgX+7G/vCNNhehwxfkQ==
  dependencies:
    ms "2.1.2"

devtools-protocol@^0.0.1137505:
  version "0.0.1137505"
  resolved "https://registry.yarnpkg.com/devtools-protocol/-/devtools-protocol-0.0.1137505.tgz#5424148a191f46ab722ebdc05387f1bed9983faf"
  integrity sha512-etlSdcQy8DiTCw5oV/AaQiEqEDMCHTGRcMpsqzlKUQQdC/AKadVNbN7GTVAwFOKtMo4i907DczhNkXebiZe85g==

dom-serializer@^2.0.0:
  version "2.0.0"
  resolved "https://registry.yarnpkg.com/dom-serializer/-/dom-serializer-2.0.0.tgz#e41b802e1eedf9f6cae183ce5e622d789d7d8e53"
  integrity sha512-wIkAryiqt/nV5EQKqQpo3SToSOV9J0DnbJqwK7Wv/Trc92zIAYZ4FlMu+JPFW1DfGFt81ZTCGgDEabffXeLyJg==
  dependencies:
    domelementtype "^2.3.0"
    domhandler "^5.0.2"
    entities "^4.2.0"

domelementtype@^2.3.0:
  version "2.3.0"
  resolved "https://registry.yarnpkg.com/domelementtype/-/domelementtype-2.3.0.tgz#5c45e8e869952626331d7aab326d01daf65d589d"
  integrity sha512-OLETBj6w0OsagBwdXnPdN0cnMfF9opN69co+7ZrbfPGrdpPVNBUj02spi6B1N7wChLQiPn4CSH/zJvXw56gmHw==

domhandler@^5.0.2, domhandler@^5.0.3:
  version "5.0.3"
  resolved "https://registry.yarnpkg.com/domhandler/-/domhandler-5.0.3.tgz#cc385f7f751f1d1fc650c21374804254538c7d31"
  integrity sha512-cgwlv/1iFQiFnU96XXgROh8xTeetsnJiDsTc7TYCLFd9+/WNkIqPTxiM/8pSd8VIrhXGTf1Ny1q1hquVqDJB5w==
  dependencies:
    domelementtype "^2.3.0"

domutils@^3.0.1:
  version "3.1.0"
  resolved "https://registry.yarnpkg.com/domutils/-/domutils-3.1.0.tgz#c47f551278d3dc4b0b1ab8cbb42d751a6f0d824e"
  integrity sha512-H78uMmQtI2AhgDJjWeQmHwJJ2bLPD3GMmO7Zja/ZZh84wkm+4ut+IUnUdRa8uCGX88DiVx1j6FRe1XfxEgjEZA==
  dependencies:
    dom-serializer "^2.0.0"
    domelementtype "^2.3.0"
    domhandler "^5.0.3"

entities@^4.2.0, entities@^4.4.0:
  version "4.5.0"
  resolved "https://registry.yarnpkg.com/entities/-/entities-4.5.0.tgz#5d268ea5e7113ec74c4d033b79ea5a35a488fb48"
  integrity sha512-V0hjH4dGPh9Ao5p0MoRY6BVqtwCjhz6vI5LT8AJ55H+4g9/4vbHx1I54fS0XuclLhDHArPQCiMjDxjaL8fPxhw==

html-escaper@^3.0.3:
  version "3.0.3"
  resolved "https://registry.yarnpkg.com/html-escaper/-/html-escaper-3.0.3.tgz#4d336674652beb1dcbc29ef6b6ba7f6be6fdfed6"
  integrity sha512-RuMffC89BOWQoY0WKGpIhn5gX3iI54O6nRA0yC124NYVtzjmFWBIiFd8M0x+ZdX0P9R4lADg1mgP8C7PxGOWuQ==

htmlparser2@^8.0.1:
  version "8.0.2"
  resolved "https://registry.yarnpkg.com/htmlparser2/-/htmlparser2-8.0.2.tgz#f002151705b383e62433b5cf466f5b716edaec21"
  integrity sha512-GYdjWKDkbRLkZ5geuHs5NY1puJ+PXwP7+fHPRz06Eirsb9ugf6d8kkXav6ADhcODhFFPMIXyxkxSuMf3D6NCFA==
  dependencies:
    domelementtype "^2.3.0"
    domhandler "^5.0.3"
    domutils "^3.0.1"
    entities "^4.4.0"

https-proxy-agent@^5.0.0:
  version "5.0.1"
  resolved "https://registry.yarnpkg.com/https-proxy-agent/-/https-proxy-agent-5.0.1.tgz#c59ef224a04fe8b754f3db0063a25ea30d0005d6"
  integrity sha512-dFcAjpTQFgoLMzC2VwU+C/CbS7uRL0lWmxDITmqm7C+7F0Odmj6s9l6alZc6AELXhrnggM2CeWSXHGOdX2YtwA==
  dependencies:
    agent-base "6"
    debug "4"

linkedom@^0.14.11:
  version "0.14.26"
  resolved "https://registry.yarnpkg.com/linkedom/-/linkedom-0.14.26.tgz#fd8ddaef1a052e1191fb2e881605a1a001409f3b"
  integrity sha512-mK6TrydfFA7phrnp+1j57ycBwFI5bGSW6YXlw9acHoqF+mP/y+FooEYYyniOt5Ot57FSKB3iwmnuQ1UUyNLm5A==
  dependencies:
    css-select "^5.1.0"
    cssom "^0.5.0"
    html-escaper "^3.0.3"
    htmlparser2 "^8.0.1"
    uhyphen "^0.2.0"

lru-cache@^6.0.0:
  version "6.0.0"
  resolved "https://registry.yarnpkg.com/lru-cache/-/lru-cache-6.0.0.tgz#6d6fe6570ebd96aaf90fcad1dafa3b2566db3a94"
  integrity sha512-Jo6dJ04CmSjuznwJSS3pUeWmd/H0ffTlkXXgwZi+eq1UCmqQwCh+eLsYOYCwY991i2Fah4h1BEMCx4qThGbsiA==
  dependencies:
    yallist "^4.0.0"

ms@2.1.2:
  version "2.1.2"
  resolved "https://registry.yarnpkg.com/ms/-/ms-2.1.2.tgz#d09d1f357b443f493382a8eb3ccd183872ae6009"
  integrity sha512-sGkPx+VjMtmA6MX27oA4FBFELFCZZ4S4XqeGOXCv68tT+jb3vk/RyaKWP0PTKyWtmLSM0b+adUTEvbs1PEaH2w==

nth-check@^2.0.1:
  version "2.1.1"
  resolved "https://registry.yarnpkg.com/nth-check/-/nth-check-2.1.1.tgz#c9eab428effce36cd6b92c924bdb000ef1f1ed1d"
  integrity sha512-lqjrjmaOoAnWfMmBPL+XNnynZh2+swxiX3WUE0s4yEHI6m+AwrK2UZOimIRl3X/4QctVqS8AiZjFqyOGrMXb/w==
  dependencies:
    boolbase "^1.0.0"

semver@^7.3.7:
  version "7.6.0"
  resolved "https://registry.yarnpkg.com/semver/-/semver-7.6.0.tgz#1a46a4db4bffcccd97b743b5005c8325f23d4e2d"
  integrity sha512-EnwXhrlwXMk9gKu5/flx5sv/an57AkRplG3hTK68W7FRDN+k+OWBj65M7719OkA82XLBxrcX0KSHj+X5COhOVg==
  dependencies:
    lru-cache "^6.0.0"

typescript@^5.3.3:
  version "5.4.5"
  resolved "https://registry.yarnpkg.com/typescript/-/typescript-5.4.5.tgz#42ccef2c571fdbd0f6718b1d1f5e6e5ef006f611"
  integrity sha512-vcI4UpRgg81oIRUFwR0WSIHKt11nJ7SAVlYNIu+QpqeyXP+gpQJy/Z4+F0aGxSE4MqwjyXvW/TzgkLAx2AGHwQ==

uhyphen@^0.2.0:
  version "0.2.0"
  resolved "https://registry.yarnpkg.com/uhyphen/-/uhyphen-0.2.0.tgz#8fdf0623314486e020a3c00ee5cc7a12fe722b81"
  integrity sha512-qz3o9CHXmJJPGBdqzab7qAYuW8kQGKNEuoHFYrBwV6hWIMcpAmxDLXojcHfFr9US1Pe6zUswEIJIbLI610fuqA==

undici-types@~5.26.4:
  version "5.26.5"
  resolved "https://registry.yarnpkg.com/undici-types/-/undici-types-5.26.5.tgz#bcd539893d00b56e964fd2657a4866b221a65617"
  integrity sha512-JlCMO+ehdEIKqlFxk6IfVoAUVmgz7cU7zD/h9XZ0qzeosSHmUJVOzSQvvYSYWXkFXC+IfLKSIffhv0sVZup6pA==

ws@^7.5.9:
  version "7.5.9"
  resolved "https://registry.yarnpkg.com/ws/-/ws-7.5.9.tgz#54fa7db29f4c7cec68b1ddd3a89de099942bb591"
  integrity sha512-F+P9Jil7UiSKSkppIiD94dN07AwvFixvLIj1Og1Rl9GGMuNipJnV9JzjD6XuqmAeiswGvUmNLjr5cFuXwNS77Q==

yallist@^4.0.0:
  version "4.0.0"
  resolved "https://registry.yarnpkg.com/yallist/-/yallist-4.0.0.tgz#9bb92790d9c0effec63be73519e11a35019a3a72"
  integrity sha512-3wdGidZyq5PB084XLES5TpOSRA3wjXAlIWMhum2kRcv/41Sn2emQ0dycQW4uZXLejwKvg6EsvbdlVL+FYEct7A==
